
Microsoft Visual Studio Solution File, Format Version 12.00
# Visual Studio Version 16
VisualStudioVersion = 16.0.29318.209
MinimumVisualStudioVersion = 10.0.40219.1
Project("{8BC9CEB8-8B4A-11D0-8D11-00A0C91BC942}") = "warden_extractor", "warden_extractor\warden_extractor.vcxproj", "{E7CDBB3F-D053-4782-A013-D07FD235E497}"
EndProject
Global
	GlobalSection(SolutionConfigurationPlatforms) = preSolution
		Debug|x64 = Debug|x64
		Debug|x86 = Debug|x86
		Release|x64 = Release|x64
		Release|x86 = Release|x86
	EndGlobalSection
	GlobalSection(ProjectConfigurationPlatforms) = postSolution
		{E7CDBB3F-D053-4782-A013-D07FD235E497}.Debug|x64.ActiveCfg = Debug|x64
		{E7CDBB3F-D053-4782-A013-D07FD235E497}.Debug|x64.Build.0 = Debug|x64
		{E7CDBB3F-D053-4782-A013-D07FD235E497}.Debug|x86.ActiveCfg = Debug|Win32
		{E7CDBB3F-D053-4782-A013-D07FD235E497}.Debug|x86.Build.0 = Debug|Win32
		{E7CDBB3F-D053-4782-A013-D07FD235E497}.Release|x64.ActiveCfg = Release|x64
		{E7CDBB3F-D053-4782-A013-D07FD235E497}.Release|x64.Build.0 = Release|x64
		{E7CDBB3F-D053-4782-A013-D07FD235E497}.Release|x86.ActiveCfg = Release|Win32
		{E7CDBB3F-D053-4782-A013-D07FD235E497}.Release|x86.Build.0 = Release|Win32
	EndGlobalSection
	GlobalSection(SolutionProperties) = preSolution
		HideSolutionNode = FALSE
	EndGlobalSection
	GlobalSection(ExtensibilityGlobals) = postSolution
		SolutionGuid = {1E9598CB-F2F8-4368-9D9C-BD5D7BEC97C4}
	EndGlobalSection
EndGlobal
